
Microsoft Visual Studio Solution File, Format Version 12.00
# Visual Studio Version 16
VisualStudioVersion = 16.0.29911.84
MinimumVisualStudioVersion = 15.0.26124.0
Project("{9A19103F-16F7-4668-BE54-9A1E7A4F7556}") = "RunUO", "Application\RunUO.csproj", "{3B0D3394-8CC0-4166-8DFE-9ED07A10538E}"
EndProject
Project("{9A19103F-16F7-4668-BE54-9A1E7A4F7556}") = "Server", "Server\Server.csproj", "{245722F3-378E-436B-A8B9-7D0C93CC2D40}"
EndProject
Project("{9A19103F-16F7-4668-BE54-9A1E7A4F7556}") = "Scripts", "Scripts\Scripts.csproj", "{74EAA3E3-1223-4FBB-AECE-3880B991EA58}"
EndProject
Project("{9A19103F-16F7-4668-BE54-9A1E7A4F7556}") = "Server.Tests", "Server.Tests\Server.Tests.csproj", "{82923D68-4681-409B-83DE-2557F86E22B4}"
EndProject
Global
	GlobalSection(SolutionConfigurationPlatforms) = preSolution
		Debug|Any CPU = Debug|Any CPU
		Release|Any CPU = Release|Any CPU
	EndGlobalSection
	GlobalSection(ProjectConfigurationPlatforms) = postSolution
		{3B0D3394-8CC0-4166-8DFE-9ED07A10538E}.Debug|Any CPU.ActiveCfg = Debug|Any CPU
		{3B0D3394-8CC0-4166-8DFE-9ED07A10538E}.Debug|Any CPU.Build.0 = Debug|Any CPU
		{3B0D3394-8CC0-4166-8DFE-9ED07A10538E}.Release|Any CPU.ActiveCfg = Release|Any CPU
		{3B0D3394-8CC0-4166-8DFE-9ED07A10538E}.Release|Any CPU.Build.0 = Release|Any CPU
		{245722F3-378E-436B-A8B9-7D0C93CC2D40}.Debug|Any CPU.ActiveCfg = Debug|Any CPU
		{245722F3-378E-436B-A8B9-7D0C93CC2D40}.Debug|Any CPU.Build.0 = Debug|Any CPU
		{245722F3-378E-436B-A8B9-7D0C93CC2D40}.Release|Any CPU.ActiveCfg = Release|Any CPU
		{245722F3-378E-436B-A8B9-7D0C93CC2D40}.Release|Any CPU.Build.0 = Release|Any CPU
		{74EAA3E3-1223-4FBB-AECE-3880B991EA58}.Debug|Any CPU.ActiveCfg = Debug|Any CPU
		{74EAA3E3-1223-4FBB-AECE-3880B991EA58}.Debug|Any CPU.Build.0 = Debug|Any CPU
		{74EAA3E3-1223-4FBB-AECE-3880B991EA58}.Release|Any CPU.ActiveCfg = Release|Any CPU
		{74EAA3E3-1223-4FBB-AECE-3880B991EA58}.Release|Any CPU.Build.0 = Release|Any CPU
		{82923D68-4681-409B-83DE-2557F86E22B4}.Debug|Any CPU.ActiveCfg = Debug|Any CPU
		{82923D68-4681-409B-83DE-2557F86E22B4}.Debug|Any CPU.Build.0 = Debug|Any CPU
		{82923D68-4681-409B-83DE-2557F86E22B4}.Release|Any CPU.ActiveCfg = Release|Any CPU
		{82923D68-4681-409B-83DE-2557F86E22B4}.Release|Any CPU.Build.0 = Release|Any CPU
	EndGlobalSection
	GlobalSection(SolutionProperties) = preSolution
		HideSolutionNode = FALSE
	EndGlobalSection
	GlobalSection(ExtensibilityGlobals) = postSolution
		SolutionGuid = {A3C344D8-62B7-47BA-84CD-426CB4223E37}
	EndGlobalSection
EndGlobal
