
Microsoft Visual Studio Solution File, Format Version 12.00
# Visual Studio Version 16
VisualStudioVersion = 16.0.29911.84
MinimumVisualStudioVersion = 10.0.40219.1
Project("{9A19103F-16F7-4668-BE54-9A1E7A4F7556}") = "RunUO", "RunUO.csproj", "{24B6D0DC-3351-42C9-A50F-E6E0FB6FBA10}"
EndProject
Global
	GlobalSection(SolutionConfigurationPlatforms) = preSolution
		Debug|Any CPU = Debug|Any CPU
		Release|Any CPU = Release|Any CPU
	EndGlobalSection
	GlobalSection(ProjectConfigurationPlatforms) = postSolution
		{24B6D0DC-3351-42C9-A50F-E6E0FB6FBA10}.Debug|Any CPU.ActiveCfg = Debug|Any CPU
		{24B6D0DC-3351-42C9-A50F-E6E0FB6FBA10}.Debug|Any CPU.Build.0 = Debug|Any CPU
		{24B6D0DC-3351-42C9-A50F-E6E0FB6FBA10}.Release|Any CPU.ActiveCfg = Release|Any CPU
		{24B6D0DC-3351-42C9-A50F-E6E0FB6FBA10}.Release|Any CPU.Build.0 = Release|Any CPU
	EndGlobalSection
	GlobalSection(SolutionProperties) = preSolution
		HideSolutionNode = FALSE
	EndGlobalSection
	GlobalSection(ExtensibilityGlobals) = postSolution
		SolutionGuid = {742C6B7A-7819-4406-9E9F-AB90D30C4186}
	EndGlobalSection
EndGlobal
