
Microsoft Visual Studio Solution File, Format Version 12.00
# Visual Studio 15
VisualStudioVersion = 15.0.26124.0
MinimumVisualStudioVersion = 15.0.26124.0
Project("{FAE04EC0-301F-11D3-BF4B-00C04F79EFBC}") = "RunUO", "Application\RunUO.csproj", "{3B0D3394-8CC0-4166-8DFE-9ED07A10538E}"
EndProject
Project("{FAE04EC0-301F-11D3-BF4B-00C04F79EFBC}") = "Server", "Server\Server.csproj", "{245722F3-378E-436B-A8B9-7D0C93CC2D40}"
EndProject
Project("{FAE04EC0-301F-11D3-BF4B-00C04F79EFBC}") = "Scripts", "Scripts\Scripts.csproj", "{74EAA3E3-1223-4FBB-AECE-3880B991EA58}"
EndProject
Global
	GlobalSection(SolutionConfigurationPlatforms) = preSolution
		Debug|Any CPU = Debug|Any CPU
		Debug|x64 = Debug|x64
		Debug|x86 = Debug|x86
		Release|Any CPU = Release|Any CPU
		Release|x64 = Release|x64
		Release|x86 = Release|x86
	EndGlobalSection
	GlobalSection(SolutionProperties) = preSolution
		HideSolutionNode = FALSE
	EndGlobalSection
	GlobalSection(ProjectConfigurationPlatforms) = postSolution
		{3B0D3394-8CC0-4166-8DFE-9ED07A10538E}.Debug|Any CPU.ActiveCfg = Debug|Any CPU
		{3B0D3394-8CC0-4166-8DFE-9ED07A10538E}.Debug|Any CPU.Build.0 = Debug|Any CPU
		{3B0D3394-8CC0-4166-8DFE-9ED07A10538E}.Debug|x64.ActiveCfg = Debug|Any CPU
		{3B0D3394-8CC0-4166-8DFE-9ED07A10538E}.Debug|x64.Build.0 = Debug|Any CPU
		{3B0D3394-8CC0-4166-8DFE-9ED07A10538E}.Debug|x86.ActiveCfg = Debug|Any CPU
		{3B0D3394-8CC0-4166-8DFE-9ED07A10538E}.Debug|x86.Build.0 = Debug|Any CPU
		{3B0D3394-8CC0-4166-8DFE-9ED07A10538E}.Release|Any CPU.ActiveCfg = Release|Any CPU
		{3B0D3394-8CC0-4166-8DFE-9ED07A10538E}.Release|Any CPU.Build.0 = Release|Any CPU
		{3B0D3394-8CC0-4166-8DFE-9ED07A10538E}.Release|x64.ActiveCfg = Release|Any CPU
		{3B0D3394-8CC0-4166-8DFE-9ED07A10538E}.Release|x64.Build.0 = Release|Any CPU
		{3B0D3394-8CC0-4166-8DFE-9ED07A10538E}.Release|x86.ActiveCfg = Release|Any CPU
		{3B0D3394-8CC0-4166-8DFE-9ED07A10538E}.Release|x86.Build.0 = Release|Any CPU
		{245722F3-378E-436B-A8B9-7D0C93CC2D40}.Debug|Any CPU.ActiveCfg = Debug|Any CPU
		{245722F3-378E-436B-A8B9-7D0C93CC2D40}.Debug|Any CPU.Build.0 = Debug|Any CPU
		{245722F3-378E-436B-A8B9-7D0C93CC2D40}.Debug|x64.ActiveCfg = Debug|Any CPU
		{245722F3-378E-436B-A8B9-7D0C93CC2D40}.Debug|x64.Build.0 = Debug|Any CPU
		{245722F3-378E-436B-A8B9-7D0C93CC2D40}.Debug|x86.ActiveCfg = Debug|Any CPU
		{245722F3-378E-436B-A8B9-7D0C93CC2D40}.Debug|x86.Build.0 = Debug|Any CPU
		{245722F3-378E-436B-A8B9-7D0C93CC2D40}.Release|Any CPU.ActiveCfg = Release|Any CPU
		{245722F3-378E-436B-A8B9-7D0C93CC2D40}.Release|Any CPU.Build.0 = Release|Any CPU
		{245722F3-378E-436B-A8B9-7D0C93CC2D40}.Release|x64.ActiveCfg = Release|Any CPU
		{245722F3-378E-436B-A8B9-7D0C93CC2D40}.Release|x64.Build.0 = Release|Any CPU
		{245722F3-378E-436B-A8B9-7D0C93CC2D40}.Release|x86.ActiveCfg = Release|Any CPU
		{245722F3-378E-436B-A8B9-7D0C93CC2D40}.Release|x86.Build.0 = Release|Any CPU
		{74EAA3E3-1223-4FBB-AECE-3880B991EA58}.Debug|Any CPU.ActiveCfg = Debug|Any CPU
		{74EAA3E3-1223-4FBB-AECE-3880B991EA58}.Debug|Any CPU.Build.0 = Debug|Any CPU
		{74EAA3E3-1223-4FBB-AECE-3880B991EA58}.Debug|x64.ActiveCfg = Debug|Any CPU
		{74EAA3E3-1223-4FBB-AECE-3880B991EA58}.Debug|x64.Build.0 = Debug|Any CPU
		{74EAA3E3-1223-4FBB-AECE-3880B991EA58}.Debug|x86.ActiveCfg = Debug|Any CPU
		{74EAA3E3-1223-4FBB-AECE-3880B991EA58}.Debug|x86.Build.0 = Debug|Any CPU
		{74EAA3E3-1223-4FBB-AECE-3880B991EA58}.Release|Any CPU.ActiveCfg = Release|Any CPU
		{74EAA3E3-1223-4FBB-AECE-3880B991EA58}.Release|Any CPU.Build.0 = Release|Any CPU
		{74EAA3E3-1223-4FBB-AECE-3880B991EA58}.Release|x64.ActiveCfg = Release|Any CPU
		{74EAA3E3-1223-4FBB-AECE-3880B991EA58}.Release|x64.Build.0 = Release|Any CPU
		{74EAA3E3-1223-4FBB-AECE-3880B991EA58}.Release|x86.ActiveCfg = Release|Any CPU
		{74EAA3E3-1223-4FBB-AECE-3880B991EA58}.Release|x86.Build.0 = Release|Any CPU
	EndGlobalSection
EndGlobal
